// !$*UTF8*$!
{
	archiveVersion = 1;
	classes = {
	};
	objectVersion = 56;
	objects = {

/* Begin PBXBuildFile section */
		849D11AB2E09BC8A0088C59D /* CameraState.swift in Sources */ = {isa = PBXBuildFile; fileRef = 849D11AA2E09BC8A0088C59D /* CameraState.swift */; };
		849D11AD2E0A067B0088C59D /* CameraButton.swift in Sources */ = {isa = PBXBuildFile; fileRef = 849D11AC2E0A067B0088C59D /* CameraButton.swift */; };
		849D11B02E0A84500088C59D /* StartCameraButton.swift in Sources */ = {isa = PBXBuildFile; fileRef = 849D11AF2E0A84500088C59D /* StartCameraButton.swift */; };
		849D11B22E0A87470088C59D /* TakePhotoButton.swift in Sources */ = {isa = PBXBuildFile; fileRef = 849D11B12E0A87470088C59D /* TakePhotoButton.swift */; };
		849D11B42E0AA1E90088C59D /* AppEntryView.swift in Sources */ = {isa = PBXBuildFile; fileRef = 849D11B32E0AA1E90088C59D /* AppEntryView.swift */; };
		849D11B62E0AA21E0088C59D /* SplashScreenView.swift in Sources */ = {isa = PBXBuildFile; fileRef = 849D11B52E0AA21E0088C59D /* SplashScreenView.swift */; };
		84ADAE552E0560D80091E562 /* BiometricHairApp.swift in Sources */ = {isa = PBXBuildFile; fileRef = 84ADAE542E0560D80091E562 /* BiometricHairApp.swift */; };
		84ADAE572E0560D80091E562 /* PhotoCaptureView.swift in Sources */ = {isa = PBXBuildFile; fileRef = 84ADAE562E0560D80091E562 /* PhotoCaptureView.swift */; };
		84ADAE592E0560DB0091E562 /* Assets.xcassets in Resources */ = {isa = PBXBuildFile; fileRef = 84ADAE582E0560DB0091E562 /* Assets.xcassets */; };
		84ADAE5C2E0560DB0091E562 /* Preview Assets.xcassets in Resources */ = {isa = PBXBuildFile; fileRef = 84ADAE5B2E0560DB0091E562 /* Preview Assets.xcassets */; };
		84ADAE692E0565430091E562 /* PhotoCaptureViewModel.swift in Sources */ = {isa = PBXBuildFile; fileRef = 84ADAE682E0565430091E562 /* PhotoCaptureViewModel.swift */; };
		84ADAE6B2E0565EB0091E562 /* HairMaskService.swift in Sources */ = {isa = PBXBuildFile; fileRef = 84ADAE6A2E0565EB0091E562 /* HairMaskService.swift */; };
		84ADAE6D2E056D840091E562 /* PhotoCaptureService.swift in Sources */ = {isa = PBXBuildFile; fileRef = 84ADAE6C2E056D840091E562 /* PhotoCaptureService.swift */; };
		84ADAE6F2E05715D0091E562 /* CaptureDeviceError.swift in Sources */ = {isa = PBXBuildFile; fileRef = 84ADAE6E2E05715D0091E562 /* CaptureDeviceError.swift */; };
		84ADAE712E094A040091E562 /* CapturePhotoData.swift in Sources */ = {isa = PBXBuildFile; fileRef = 84ADAE702E094A040091E562 /* CapturePhotoData.swift */; };
		84ADAE732E094AC40091E562 /* PhotoRepository.swift in Sources */ = {isa = PBXBuildFile; fileRef = 84ADAE722E094AC40091E562 /* PhotoRepository.swift */; };
/* End PBXBuildFile section */

/* Begin PBXFileReference section */
		849D11A72E097D9F0088C59D /* Info.plist */ = {isa = PBXFileReference; lastKnownFileType = text.plist.xml; path = Info.plist; sourceTree = "<group>"; };
		849D11AA2E09BC8A0088C59D /* CameraState.swift */ = {isa = PBXFileReference; lastKnownFileType = sourcecode.swift; path = CameraState.swift; sourceTree = "<group>"; };
		849D11AC2E0A067B0088C59D /* CameraButton.swift */ = {isa = PBXFileReference; lastKnownFileType = sourcecode.swift; path = CameraButton.swift; sourceTree = "<group>"; };
		849D11AF2E0A84500088C59D /* StartCameraButton.swift */ = {isa = PBXFileReference; lastKnownFileType = sourcecode.swift; path = StartCameraButton.swift; sourceTree = "<group>"; };
		849D11B12E0A87470088C59D /* TakePhotoButton.swift */ = {isa = PBXFileReference; lastKnownFileType = sourcecode.swift; path = TakePhotoButton.swift; sourceTree = "<group>"; };
		849D11B32E0AA1E90088C59D /* AppEntryView.swift */ = {isa = PBXFileReference; lastKnownFileType = sourcecode.swift; path = AppEntryView.swift; sourceTree = "<group>"; };
		849D11B52E0AA21E0088C59D /* SplashScreenView.swift */ = {isa = PBXFileReference; lastKnownFileType = sourcecode.swift; path = SplashScreenView.swift; sourceTree = "<group>"; };
		84ADAE512E0560D80091E562 /* BiometricHairApp.app */ = {isa = PBXFileReference; explicitFileType = wrapper.application; includeInIndex = 0; path = BiometricHairApp.app; sourceTree = BUILT_PRODUCTS_DIR; };
		84ADAE542E0560D80091E562 /* BiometricHairApp.swift */ = {isa = PBXFileReference; lastKnownFileType = sourcecode.swift; path = BiometricHairApp.swift; sourceTree = "<group>"; };
		84ADAE562E0560D80091E562 /* PhotoCaptureView.swift */ = {isa = PBXFileReference; lastKnownFileType = sourcecode.swift; path = PhotoCaptureView.swift; sourceTree = "<group>"; };
		84ADAE582E0560DB0091E562 /* Assets.xcassets */ = {isa = PBXFileReference; lastKnownFileType = folder.assetcatalog; path = Assets.xcassets; sourceTree = "<group>"; };
		84ADAE5B2E0560DB0091E562 /* Preview Assets.xcassets */ = {isa = PBXFileReference; lastKnownFileType = folder.assetcatalog; path = "Preview Assets.xcassets"; sourceTree = "<group>"; };
		84ADAE672E05628C0091E562 /* README.md */ = {isa = PBXFileReference; lastKnownFileType = net.daringfireball.markdown; path = README.md; sourceTree = "<group>"; };
		84ADAE682E0565430091E562 /* PhotoCaptureViewModel.swift */ = {isa = PBXFileReference; lastKnownFileType = sourcecode.swift; path = PhotoCaptureViewModel.swift; sourceTree = "<group>"; };
		84ADAE6A2E0565EB0091E562 /* HairMaskService.swift */ = {isa = PBXFileReference; lastKnownFileType = sourcecode.swift; path = HairMaskService.swift; sourceTree = "<group>"; };
		84ADAE6C2E056D840091E562 /* PhotoCaptureService.swift */ = {isa = PBXFileReference; lastKnownFileType = sourcecode.swift; path = PhotoCaptureService.swift; sourceTree = "<group>"; };
		84ADAE6E2E05715D0091E562 /* CaptureDeviceError.swift */ = {isa = PBXFileReference; lastKnownFileType = sourcecode.swift; path = CaptureDeviceError.swift; sourceTree = "<group>"; };
		84ADAE702E094A040091E562 /* CapturePhotoData.swift */ = {isa = PBXFileReference; lastKnownFileType = sourcecode.swift; path = CapturePhotoData.swift; sourceTree = "<group>"; };
		84ADAE722E094AC40091E562 /* PhotoRepository.swift */ = {isa = PBXFileReference; lastKnownFileType = sourcecode.swift; path = PhotoRepository.swift; sourceTree = "<group>"; };
/* End PBXFileReference section */

/* Begin PBXFrameworksBuildPhase section */
		84ADAE4E2E0560D80091E562 /* Frameworks */ = {
			isa = PBXFrameworksBuildPhase;
			buildActionMask = 2147483647;
			files = (
			);
			runOnlyForDeploymentPostprocessing = 0;
		};
/* End PBXFrameworksBuildPhase section */

/* Begin PBXGroup section */
		849D11AE2E0A84250088C59D /* Components */ = {
			isa = PBXGroup;
			children = (
				849D11AC2E0A067B0088C59D /* CameraButton.swift */,
				849D11AF2E0A84500088C59D /* StartCameraButton.swift */,
				849D11B12E0A87470088C59D /* TakePhotoButton.swift */,
			);
			path = Components;
			sourceTree = "<group>";
		};
		84ADAE482E0560D80091E562 = {
			isa = PBXGroup;
			children = (
				849D11A72E097D9F0088C59D /* Info.plist */,
				84ADAE672E05628C0091E562 /* README.md */,
				84ADAE532E0560D80091E562 /* BiometricHairApp */,
				84ADAE522E0560D80091E562 /* Products */,
			);
			sourceTree = "<group>";
		};
		84ADAE522E0560D80091E562 /* Products */ = {
			isa = PBXGroup;
			children = (
				84ADAE512E0560D80091E562 /* BiometricHairApp.app */,
			);
			name = Products;
			sourceTree = "<group>";
		};
		84ADAE532E0560D80091E562 /* BiometricHairApp */ = {
			isa = PBXGroup;
			children = (
				84ADAE622E05610A0091E562 /* Views */,
				84ADAE632E0561250091E562 /* ViewModels */,
				84ADAE642E0561330091E562 /* Models */,
				84ADAE652E0561430091E562 /* Repositories */,
				84ADAE662E05614B0091E562 /* Services */,
				84ADAE582E0560DB0091E562 /* Assets.xcassets */,
				84ADAE5A2E0560DB0091E562 /* Preview Content */,
			);
			path = BiometricHairApp;
			sourceTree = "<group>";
		};
		84ADAE5A2E0560DB0091E562 /* Preview Content */ = {
			isa = PBXGroup;
			children = (
				84ADAE5B2E0560DB0091E562 /* Preview Assets.xcassets */,
			);
			path = "Preview Content";
			sourceTree = "<group>";
		};
		84ADAE622E05610A0091E562 /* Views */ = {
			isa = PBXGroup;
			children = (
				849D11AE2E0A84250088C59D /* Components */,
				84ADAE562E0560D80091E562 /* PhotoCaptureView.swift */,
				84ADAE542E0560D80091E562 /* BiometricHairApp.swift */,
				849D11B32E0AA1E90088C59D /* AppEntryView.swift */,
				849D11B52E0AA21E0088C59D /* SplashScreenView.swift */,
			);
			path = Views;
			sourceTree = "<group>";
		};
		84ADAE632E0561250091E562 /* ViewModels */ = {
			isa = PBXGroup;
			children = (
				84ADAE682E0565430091E562 /* PhotoCaptureViewModel.swift */,
			);
			path = ViewModels;
			sourceTree = "<group>";
		};
		84ADAE642E0561330091E562 /* Models */ = {
			isa = PBXGroup;
			children = (
				84ADAE702E094A040091E562 /* CapturePhotoData.swift */,
				849D11AA2E09BC8A0088C59D /* CameraState.swift */,
			);
			path = Models;
			sourceTree = "<group>";
		};
		84ADAE652E0561430091E562 /* Repositories */ = {
			isa = PBXGroup;
			children = (
				84ADAE722E094AC40091E562 /* PhotoRepository.swift */,
			);
			path = Repositories;
			sourceTree = "<group>";
		};
		84ADAE662E05614B0091E562 /* Services */ = {
			isa = PBXGroup;
			children = (
				84ADAE6A2E0565EB0091E562 /* HairMaskService.swift */,
				84ADAE6C2E056D840091E562 /* PhotoCaptureService.swift */,
				84ADAE6E2E05715D0091E562 /* CaptureDeviceError.swift */,
			);
			path = Services;
			sourceTree = "<group>";
		};
/* End PBXGroup section */

/* Begin PBXNativeTarget section */
		84ADAE502E0560D80091E562 /* BiometricHairApp */ = {
			isa = PBXNativeTarget;
			buildConfigurationList = 84ADAE5F2E0560DB0091E562 /* Build configuration list for PBXNativeTarget "BiometricHairApp" */;
			buildPhases = (
				84ADAE4D2E0560D80091E562 /* Sources */,
				84ADAE4E2E0560D80091E562 /* Frameworks */,
				84ADAE4F2E0560D80091E562 /* Resources */,
			);
			buildRules = (
			);
			dependencies = (
			);
			name = BiometricHairApp;
			productName = BiometricHairApp;
			productReference = 84ADAE512E0560D80091E562 /* BiometricHairApp.app */;
			productType = "com.apple.product-type.application";
		};
/* End PBXNativeTarget section */

/* Begin PBXProject section */
		84ADAE492E0560D80091E562 /* Project object */ = {
			isa = PBXProject;
			attributes = {
				BuildIndependentTargetsInParallel = 1;
				LastSwiftUpdateCheck = 1540;
				LastUpgradeCheck = 1540;
				TargetAttributes = {
					84ADAE502E0560D80091E562 = {
						CreatedOnToolsVersion = 15.4;
					};
				};
			};
			buildConfigurationList = 84ADAE4C2E0560D80091E562 /* Build configuration list for PBXProject "BiometricHairApp" */;
			compatibilityVersion = "Xcode 14.0";
			developmentRegion = en;
			hasScannedForEncodings = 0;
			knownRegions = (
				en,
				Base,
			);
			mainGroup = 84ADAE482E0560D80091E562;
			productRefGroup = 84ADAE522E0560D80091E562 /* Products */;
			projectDirPath = "";
			projectRoot = "";
			targets = (
				84ADAE502E0560D80091E562 /* BiometricHairApp */,
			);
		};
/* End PBXProject section */

/* Begin PBXResourcesBuildPhase section */
		84ADAE4F2E0560D80091E562 /* Resources */ = {
			isa = PBXResourcesBuildPhase;
			buildActionMask = 2147483647;
			files = (
				84ADAE5C2E0560DB0091E562 /* Preview Assets.xcassets in Resources */,
				84ADAE592E0560DB0091E562 /* Assets.xcassets in Resources */,
			);
			runOnlyForDeploymentPostprocessing = 0;
		};
/* End PBXResourcesBuildPhase section */

/* Begin PBXSourcesBuildPhase section */
		84ADAE4D2E0560D80091E562 /* Sources */ = {
			isa = PBXSourcesBuildPhase;
			buildActionMask = 2147483647;
			files = (
				84ADAE692E0565430091E562 /* PhotoCaptureViewModel.swift in Sources */,
				84ADAE712E094A040091E562 /* CapturePhotoData.swift in Sources */,
				849D11AD2E0A067B0088C59D /* CameraButton.swift in Sources */,
				849D11B02E0A84500088C59D /* StartCameraButton.swift in Sources */,
				849D11AB2E09BC8A0088C59D /* CameraState.swift in Sources */,
				84ADAE6F2E05715D0091E562 /* CaptureDeviceError.swift in Sources */,
				84ADAE732E094AC40091E562 /* PhotoRepository.swift in Sources */,
				849D11B62E0AA21E0088C59D /* SplashScreenView.swift in Sources */,
				849D11B22E0A87470088C59D /* TakePhotoButton.swift in Sources */,
				849D11B42E0AA1E90088C59D /* AppEntryView.swift in Sources */,
				84ADAE6B2E0565EB0091E562 /* HairMaskService.swift in Sources */,
				84ADAE572E0560D80091E562 /* PhotoCaptureView.swift in Sources */,
				84ADAE6D2E056D840091E562 /* PhotoCaptureService.swift in Sources */,
				84ADAE552E0560D80091E562 /* BiometricHairApp.swift in Sources */,
			);
			runOnlyForDeploymentPostprocessing = 0;
		};
/* End PBXSourcesBuildPhase section */

/* Begin XCBuildConfiguration section */
		84ADAE5D2E0560DB0091E562 /* Debug */ = {
			isa = XCBuildConfiguration;
			buildSettings = {
				ALWAYS_SEARCH_USER_PATHS = NO;
				ASSETCATALOG_COMPILER_GENERATE_SWIFT_ASSET_SYMBOL_EXTENSIONS = YES;
				CLANG_ANALYZER_NONNULL = YES;
				CLANG_ANALYZER_NUMBER_OBJECT_CONVERSION = YES_AGGRESSIVE;
				CLANG_CXX_LANGUAGE_STANDARD = "gnu++20";
				CLANG_ENABLE_MODULES = YES;
				CLANG_ENABLE_OBJC_ARC = YES;
				CLANG_ENABLE_OBJC_WEAK = YES;
				CLANG_WARN_BLOCK_CAPTURE_AUTORELEASING = YES;
				CLANG_WARN_BOOL_CONVERSION = YES;
				CLANG_WARN_COMMA = YES;
				CLANG_WARN_CONSTANT_CONVERSION = YES;
				CLANG_WARN_DEPRECATED_OBJC_IMPLEMENTATIONS = YES;
				CLANG_WARN_DIRECT_OBJC_ISA_USAGE = YES_ERROR;
				CLANG_WARN_DOCUMENTATION_COMMENTS = YES;
				CLANG_WARN_EMPTY_BODY = YES;
				CLANG_WARN_ENUM_CONVERSION = YES;
				CLANG_WARN_INFINITE_RECURSION = YES;
				CLANG_WARN_INT_CONVERSION = YES;
				CLANG_WARN_NON_LITERAL_NULL_CONVERSION = YES;
				CLANG_WARN_OBJC_IMPLICIT_RETAIN_SELF = YES;
				CLANG_WARN_OBJC_LITERAL_CONVERSION = YES;
				CLANG_WARN_OBJC_ROOT_CLASS = YES_ERROR;
				CLANG_WARN_QUOTED_INCLUDE_IN_FRAMEWORK_HEADER = YES;
				CLANG_WARN_RANGE_LOOP_ANALYSIS = YES;
				CLANG_WARN_STRICT_PROTOTYPES = YES;
				CLANG_WARN_SUSPICIOUS_MOVE = YES;
				CLANG_WARN_UNGUARDED_AVAILABILITY = YES_AGGRESSIVE;
				CLANG_WARN_UNREACHABLE_CODE = YES;
				CLANG_WARN__DUPLICATE_METHOD_MATCH = YES;
				COPY_PHASE_STRIP = NO;
				DEBUG_INFORMATION_FORMAT = dwarf;
				ENABLE_STRICT_OBJC_MSGSEND = YES;
				ENABLE_TESTABILITY = YES;
				ENABLE_USER_SCRIPT_SANDBOXING = YES;
				GCC_C_LANGUAGE_STANDARD = gnu17;
				GCC_DYNAMIC_NO_PIC = NO;
				GCC_NO_COMMON_BLOCKS = YES;
				GCC_OPTIMIZATION_LEVEL = 0;
				GCC_PREPROCESSOR_DEFINITIONS = (
					"DEBUG=1",
					"$(inherited)",
				);
				GCC_WARN_64_TO_32_BIT_CONVERSION = YES;
				GCC_WARN_ABOUT_RETURN_TYPE = YES_ERROR;
				GCC_WARN_UNDECLARED_SELECTOR = YES;
				GCC_WARN_UNINITIALIZED_AUTOS = YES_AGGRESSIVE;
				GCC_WARN_UNUSED_FUNCTION = YES;
				GCC_WARN_UNUSED_VARIABLE = YES;
				"INFOPLIST_FILE[sdk=*]" = "";
				INFOPLIST_PREPROCESS = NO;
				IPHONEOS_DEPLOYMENT_TARGET = 17.5;
				LOCALIZATION_PREFERS_STRING_CATALOGS = YES;
				MTL_ENABLE_DEBUG_INFO = INCLUDE_SOURCE;
				MTL_FAST_MATH = YES;
				ONLY_ACTIVE_ARCH = YES;
				SDKROOT = iphoneos;
				SWIFT_ACTIVE_COMPILATION_CONDITIONS = "DEBUG $(inherited)";
				SWIFT_OPTIMIZATION_LEVEL = "-Onone";
			};
			name = Debug;
		};
		84ADAE5E2E0560DB0091E562 /* Release */ = {
			isa = XCBuildConfiguration;
			buildSettings = {
				ALWAYS_SEARCH_USER_PATHS = NO;
				ASSETCATALOG_COMPILER_GENERATE_SWIFT_ASSET_SYMBOL_EXTENSIONS = YES;
				CLANG_ANALYZER_NONNULL = YES;
				CLANG_ANALYZER_NUMBER_OBJECT_CONVERSION = YES_AGGRESSIVE;
				CLANG_CXX_LANGUAGE_STANDARD = "gnu++20";
				CLANG_ENABLE_MODULES = YES;
				CLANG_ENABLE_OBJC_ARC = YES;
				CLANG_ENABLE_OBJC_WEAK = YES;
				CLANG_WARN_BLOCK_CAPTURE_AUTORELEASING = YES;
				CLANG_WARN_BOOL_CONVERSION = YES;
				CLANG_WARN_COMMA = YES;
				CLANG_WARN_CONSTANT_CONVERSION = YES;
				CLANG_WARN_DEPRECATED_OBJC_IMPLEMENTATIONS = YES;
				CLANG_WARN_DIRECT_OBJC_ISA_USAGE = YES_ERROR;
				CLANG_WARN_DOCUMENTATION_COMMENTS = YES;
				CLANG_WARN_EMPTY_BODY = YES;
				CLANG_WARN_ENUM_CONVERSION = YES;
				CLANG_WARN_INFINITE_RECURSION = YES;
				CLANG_WARN_INT_CONVERSION = YES;
				CLANG_WARN_NON_LITERAL_NULL_CONVERSION = YES;
				CLANG_WARN_OBJC_IMPLICIT_RETAIN_SELF = YES;
				CLANG_WARN_OBJC_LITERAL_CONVERSION = YES;
				CLANG_WARN_OBJC_ROOT_CLASS = YES_ERROR;
				CLANG_WARN_QUOTED_INCLUDE_IN_FRAMEWORK_HEADER = YES;
				CLANG_WARN_RANGE_LOOP_ANALYSIS = YES;
				CLANG_WARN_STRICT_PROTOTYPES = YES;
				CLANG_WARN_SUSPICIOUS_MOVE = YES;
				CLANG_WARN_UNGUARDED_AVAILABILITY = YES_AGGRESSIVE;
				CLANG_WARN_UNREACHABLE_CODE = YES;
				CLANG_WARN__DUPLICATE_METHOD_MATCH = YES;
				COPY_PHASE_STRIP = NO;
				DEBUG_INFORMATION_FORMAT = "dwarf-with-dsym";
				ENABLE_NS_ASSERTIONS = NO;
				ENABLE_STRICT_OBJC_MSGSEND = YES;
				ENABLE_USER_SCRIPT_SANDBOXING = YES;
				GCC_C_LANGUAGE_STANDARD = gnu17;
				GCC_NO_COMMON_BLOCKS = YES;
				GCC_WARN_64_TO_32_BIT_CONVERSION = YES;
				GCC_WARN_ABOUT_RETURN_TYPE = YES_ERROR;
				GCC_WARN_UNDECLARED_SELECTOR = YES;
				GCC_WARN_UNINITIALIZED_AUTOS = YES_AGGRESSIVE;
				GCC_WARN_UNUSED_FUNCTION = YES;
				GCC_WARN_UNUSED_VARIABLE = YES;
				INFOPLIST_PREPROCESS = NO;
				IPHONEOS_DEPLOYMENT_TARGET = 17.5;
				LOCALIZATION_PREFERS_STRING_CATALOGS = YES;
				MTL_ENABLE_DEBUG_INFO = NO;
				MTL_FAST_MATH = YES;
				SDKROOT = iphoneos;
				SWIFT_COMPILATION_MODE = wholemodule;
				VALIDATE_PRODUCT = YES;
			};
			name = Release;
		};
		84ADAE602E0560DB0091E562 /* Debug */ = {
			isa = XCBuildConfiguration;
			buildSettings = {
				ASSETCATALOG_COMPILER_APPICON_NAME = AppIcon;
				ASSETCATALOG_COMPILER_GLOBAL_ACCENT_COLOR_NAME = AccentColor;
				CODE_SIGN_STYLE = Automatic;
				CURRENT_PROJECT_VERSION = 1;
				DEVELOPMENT_ASSET_PATHS = "\"BiometricHairApp/Preview Content\"";
				DEVELOPMENT_TEAM = WF3M29M7CQ;
				ENABLE_PREVIEWS = YES;
				GENERATE_INFOPLIST_FILE = YES;
				INFOPLIST_FILE = Info.plist;
				INFOPLIST_KEY_UIApplicationSceneManifest_Generation = YES;
				INFOPLIST_KEY_UIApplicationSupportsIndirectInputEvents = YES;
				INFOPLIST_KEY_UILaunchScreen_Generation = YES;
				INFOPLIST_KEY_UISupportedInterfaceOrientations_iPad = "UIInterfaceOrientationPortrait UIInterfaceOrientationPortraitUpsideDown UIInterfaceOrientationLandscapeLeft UIInterfaceOrientationLandscapeRight";
				INFOPLIST_KEY_UISupportedInterfaceOrientations_iPhone = "UIInterfaceOrientationPortrait UIInterfaceOrientationLandscapeLeft UIInterfaceOrientationLandscapeRight";
				LD_RUNPATH_SEARCH_PATHS = (
					"$(inherited)",
					"@executable_path/Frameworks",
				);
				MARKETING_VERSION = 1.0;
				PRODUCT_BUNDLE_IDENTIFIER = app.sicacreations.BiometricHairApp;
				PRODUCT_NAME = "$(TARGET_NAME)";
				SWIFT_EMIT_LOC_STRINGS = YES;
				SWIFT_VERSION = 5.0;
				TARGETED_DEVICE_FAMILY = "1,2";
			};
			name = Debug;
		};
		84ADAE612E0560DB0091E562 /* Release */ = {
			isa = XCBuildConfiguration;
			buildSettings = {
				ASSETCATALOG_COMPILER_APPICON_NAME = AppIcon;
				ASSETCATALOG_COMPILER_GLOBAL_ACCENT_COLOR_NAME = AccentColor;
				CODE_SIGN_STYLE = Automatic;
				CURRENT_PROJECT_VERSION = 1;
				DEVELOPMENT_ASSET_PATHS = "\"BiometricHairApp/Preview Content\"";
				DEVELOPMENT_TEAM = WF3M29M7CQ;
				ENABLE_PREVIEWS = YES;
				GENERATE_INFOPLIST_FILE = YES;
				INFOPLIST_FILE = Info.plist;
				INFOPLIST_KEY_UIApplicationSceneManifest_Generation = YES;
				INFOPLIST_KEY_UIApplicationSupportsIndirectInputEvents = YES;
				INFOPLIST_KEY_UILaunchScreen_Generation = YES;
				INFOPLIST_KEY_UISupportedInterfaceOrientations_iPad = "UIInterfaceOrientationPortrait UIInterfaceOrientationPortraitUpsideDown UIInterfaceOrientationLandscapeLeft UIInterfaceOrientationLandscapeRight";
				INFOPLIST_KEY_UISupportedInterfaceOrientations_iPhone = "UIInterfaceOrientationPortrait UIInterfaceOrientationLandscapeLeft UIInterfaceOrientationLandscapeRight";
				LD_RUNPATH_SEARCH_PATHS = (
					"$(inherited)",
					"@executable_path/Frameworks",
				);
				MARKETING_VERSION = 1.0;
				PRODUCT_BUNDLE_IDENTIFIER = app.sicacreations.BiometricHairApp;
				PRODUCT_NAME = "$(TARGET_NAME)";
				SWIFT_EMIT_LOC_STRINGS = YES;
				SWIFT_VERSION = 5.0;
				TARGETED_DEVICE_FAMILY = "1,2";
			};
			name = Release;
		};
/* End XCBuildConfiguration section */

/* Begin XCConfigurationList section */
		84ADAE4C2E0560D80091E562 /* Build configuration list for PBXProject "BiometricHairApp" */ = {
			isa = XCConfigurationList;
			buildConfigurations = (
				84ADAE5D2E0560DB0091E562 /* Debug */,
				84ADAE5E2E0560DB0091E562 /* Release */,
			);
			defaultConfigurationIsVisible = 0;
			defaultConfigurationName = Release;
		};
		84ADAE5F2E0560DB0091E562 /* Build configuration list for PBXNativeTarget "BiometricHairApp" */ = {
			isa = XCConfigurationList;
			buildConfigurations = (
				84ADAE602E0560DB0091E562 /* Debug */,
				84ADAE612E0560DB0091E562 /* Release */,
			);
			defaultConfigurationIsVisible = 0;
			defaultConfigurationName = Release;
		};
/* End XCConfigurationList section */
	};
	rootObject = 84ADAE492E0560D80091E562 /* Project object */;
}
